// !$*UTF8*$!
{
	archiveVersion = 1;
	classes = {
	};
	objectVersion = 50;
	objects = {

/* Begin PBXBuildFile section */
		1B5A11CE933F7861BA7F8580 /* Pods_MonitorGastosTests.framework in Frameworks */ = {isa = PBXBuildFile; fileRef = F4E0B455622E7A1AB6900F49 /* Pods_MonitorGastosTests.framework */; };
		52BDE60C40B3EEC55B846A15 /* Pods_MonitorGastosUITests.framework in Frameworks */ = {isa = PBXBuildFile; fileRef = B19877DA75714296537687DC /* Pods_MonitorGastosUITests.framework */; };
		6BFDDBCC535860AC9500CF9D /* Pods_MonitorGastos.framework in Frameworks */ = {isa = PBXBuildFile; fileRef = DD95FCE2404B95E1E6D1B2D9 /* Pods_MonitorGastos.framework */; };
		9E4BC44620C2802200CF8AE0 /* AppDelegate.swift in Sources */ = {isa = PBXBuildFile; fileRef = 9E4BC44520C2802200CF8AE0 /* AppDelegate.swift */; };
		9E4BC44820C2802200CF8AE0 /* ViewController.swift in Sources */ = {isa = PBXBuildFile; fileRef = 9E4BC44720C2802200CF8AE0 /* ViewController.swift */; };
		9E4BC44B20C2802200CF8AE0 /* Main.storyboard in Resources */ = {isa = PBXBuildFile; fileRef = 9E4BC44920C2802200CF8AE0 /* Main.storyboard */; };
		9E4BC44D20C2802400CF8AE0 /* Assets.xcassets in Resources */ = {isa = PBXBuildFile; fileRef = 9E4BC44C20C2802400CF8AE0 /* Assets.xcassets */; };
		9E4BC45020C2802400CF8AE0 /* LaunchScreen.storyboard in Resources */ = {isa = PBXBuildFile; fileRef = 9E4BC44E20C2802400CF8AE0 /* LaunchScreen.storyboard */; };
		9E4BC45B20C2802400CF8AE0 /* MonitorGastosTests.swift in Sources */ = {isa = PBXBuildFile; fileRef = 9E4BC45A20C2802400CF8AE0 /* MonitorGastosTests.swift */; };
		9E4BC46620C2802400CF8AE0 /* MonitorGastosUITests.swift in Sources */ = {isa = PBXBuildFile; fileRef = 9E4BC46520C2802400CF8AE0 /* MonitorGastosUITests.swift */; };
		9E4BC47E20C5AA9A00CF8AE0 /* MainClassEnergy.swift in Sources */ = {isa = PBXBuildFile; fileRef = 9E4BC47D20C5AA9A00CF8AE0 /* MainClassEnergy.swift */; };
		9E4BC48020C5AAAB00CF8AE0 /* SettingsEnergy.swift in Sources */ = {isa = PBXBuildFile; fileRef = 9E4BC47F20C5AAAB00CF8AE0 /* SettingsEnergy.swift */; };
		9E4BC48220C5AAC500CF8AE0 /* MainClassWater.swift in Sources */ = {isa = PBXBuildFile; fileRef = 9E4BC48120C5AAC500CF8AE0 /* MainClassWater.swift */; };
		9E4BC48420C5AAD700CF8AE0 /* SettingsWater.swift in Sources */ = {isa = PBXBuildFile; fileRef = 9E4BC48320C5AAD700CF8AE0 /* SettingsWater.swift */; };
		9E4BC48620C5AD9A00CF8AE0 /* GoogleService-Info.plist in Resources */ = {isa = PBXBuildFile; fileRef = 9E4BC48520C5AD9900CF8AE0 /* GoogleService-Info.plist */; };
/* End PBXBuildFile section */

/* Begin PBXContainerItemProxy section */
		9E4BC45720C2802400CF8AE0 /* PBXContainerItemProxy */ = {
			isa = PBXContainerItemProxy;
			containerPortal = 9E4BC43A20C2802200CF8AE0 /* Project object */;
			proxyType = 1;
			remoteGlobalIDString = 9E4BC44120C2802200CF8AE0;
			remoteInfo = MonitorGastos;
		};
		9E4BC46220C2802400CF8AE0 /* PBXContainerItemProxy */ = {
			isa = PBXContainerItemProxy;
			containerPortal = 9E4BC43A20C2802200CF8AE0 /* Project object */;
			proxyType = 1;
			remoteGlobalIDString = 9E4BC44120C2802200CF8AE0;
			remoteInfo = MonitorGastos;
		};
/* End PBXContainerItemProxy section */

/* Begin PBXFileReference section */
		0C842B4257D4B3DE7129D35E /* Pods-MonitorGastosUITests.debug.xcconfig */ = {isa = PBXFileReference; includeInIndex = 1; lastKnownFileType = text.xcconfig; name = "Pods-MonitorGastosUITests.debug.xcconfig"; path = "Pods/Target Support Files/Pods-MonitorGastosUITests/Pods-MonitorGastosUITests.debug.xcconfig"; sourceTree = "<group>"; };
		54F351309431103326E3D8A7 /* Pods-MonitorGastosTests.debug.xcconfig */ = {isa = PBXFileReference; includeInIndex = 1; lastKnownFileType = text.xcconfig; name = "Pods-MonitorGastosTests.debug.xcconfig"; path = "Pods/Target Support Files/Pods-MonitorGastosTests/Pods-MonitorGastosTests.debug.xcconfig"; sourceTree = "<group>"; };
		9E4BC44220C2802200CF8AE0 /* MonitorGastos.app */ = {isa = PBXFileReference; explicitFileType = wrapper.application; includeInIndex = 0; path = MonitorGastos.app; sourceTree = BUILT_PRODUCTS_DIR; };
		9E4BC44520C2802200CF8AE0 /* AppDelegate.swift */ = {isa = PBXFileReference; lastKnownFileType = sourcecode.swift; path = AppDelegate.swift; sourceTree = "<group>"; };
		9E4BC44720C2802200CF8AE0 /* ViewController.swift */ = {isa = PBXFileReference; lastKnownFileType = sourcecode.swift; path = ViewController.swift; sourceTree = "<group>"; };
		9E4BC44A20C2802200CF8AE0 /* Base */ = {isa = PBXFileReference; lastKnownFileType = file.storyboard; name = Base; path = Base.lproj/Main.storyboard; sourceTree = "<group>"; };
		9E4BC44C20C2802400CF8AE0 /* Assets.xcassets */ = {isa = PBXFileReference; lastKnownFileType = folder.assetcatalog; path = Assets.xcassets; sourceTree = "<group>"; };
		9E4BC44F20C2802400CF8AE0 /* Base */ = {isa = PBXFileReference; lastKnownFileType = file.storyboard; name = Base; path = Base.lproj/LaunchScreen.storyboard; sourceTree = "<group>"; };
		9E4BC45120C2802400CF8AE0 /* Info.plist */ = {isa = PBXFileReference; lastKnownFileType = text.plist.xml; path = Info.plist; sourceTree = "<group>"; };
		9E4BC45620C2802400CF8AE0 /* MonitorGastosTests.xctest */ = {isa = PBXFileReference; explicitFileType = wrapper.cfbundle; includeInIndex = 0; path = MonitorGastosTests.xctest; sourceTree = BUILT_PRODUCTS_DIR; };
		9E4BC45A20C2802400CF8AE0 /* MonitorGastosTests.swift */ = {isa = PBXFileReference; lastKnownFileType = sourcecode.swift; path = MonitorGastosTests.swift; sourceTree = "<group>"; };
		9E4BC45C20C2802400CF8AE0 /* Info.plist */ = {isa = PBXFileReference; lastKnownFileType = text.plist.xml; path = Info.plist; sourceTree = "<group>"; };
		9E4BC46120C2802400CF8AE0 /* MonitorGastosUITests.xctest */ = {isa = PBXFileReference; explicitFileType = wrapper.cfbundle; includeInIndex = 0; path = MonitorGastosUITests.xctest; sourceTree = BUILT_PRODUCTS_DIR; };
		9E4BC46520C2802400CF8AE0 /* MonitorGastosUITests.swift */ = {isa = PBXFileReference; lastKnownFileType = sourcecode.swift; path = MonitorGastosUITests.swift; sourceTree = "<group>"; };
		9E4BC46720C2802400CF8AE0 /* Info.plist */ = {isa = PBXFileReference; lastKnownFileType = text.plist.xml; path = Info.plist; sourceTree = "<group>"; };
		9E4BC47D20C5AA9A00CF8AE0 /* MainClassEnergy.swift */ = {isa = PBXFileReference; lastKnownFileType = sourcecode.swift; path = MainClassEnergy.swift; sourceTree = "<group>"; };
		9E4BC47F20C5AAAB00CF8AE0 /* SettingsEnergy.swift */ = {isa = PBXFileReference; lastKnownFileType = sourcecode.swift; path = SettingsEnergy.swift; sourceTree = "<group>"; };
		9E4BC48120C5AAC500CF8AE0 /* MainClassWater.swift */ = {isa = PBXFileReference; lastKnownFileType = sourcecode.swift; path = MainClassWater.swift; sourceTree = "<group>"; };
		9E4BC48320C5AAD700CF8AE0 /* SettingsWater.swift */ = {isa = PBXFileReference; lastKnownFileType = sourcecode.swift; path = SettingsWater.swift; sourceTree = "<group>"; };
		9E4BC48520C5AD9900CF8AE0 /* GoogleService-Info.plist */ = {isa = PBXFileReference; fileEncoding = 4; lastKnownFileType = text.plist.xml; path = "GoogleService-Info.plist"; sourceTree = "<group>"; };
		B19877DA75714296537687DC /* Pods_MonitorGastosUITests.framework */ = {isa = PBXFileReference; explicitFileType = wrapper.framework; includeInIndex = 0; path = Pods_MonitorGastosUITests.framework; sourceTree = BUILT_PRODUCTS_DIR; };
		B7604D5A761D9E554D756DC8 /* Pods-MonitorGastos.release.xcconfig */ = {isa = PBXFileReference; includeInIndex = 1; lastKnownFileType = text.xcconfig; name = "Pods-MonitorGastos.release.xcconfig"; path = "Pods/Target Support Files/Pods-MonitorGastos/Pods-MonitorGastos.release.xcconfig"; sourceTree = "<group>"; };
		BB0B0190AFB5905326A3567F /* Pods-MonitorGastosTests.release.xcconfig */ = {isa = PBXFileReference; includeInIndex = 1; lastKnownFileType = text.xcconfig; name = "Pods-MonitorGastosTests.release.xcconfig"; path = "Pods/Target Support Files/Pods-MonitorGastosTests/Pods-MonitorGastosTests.release.xcconfig"; sourceTree = "<group>"; };
		DD95FCE2404B95E1E6D1B2D9 /* Pods_MonitorGastos.framework */ = {isa = PBXFileReference; explicitFileType = wrapper.framework; includeInIndex = 0; path = Pods_MonitorGastos.framework; sourceTree = BUILT_PRODUCTS_DIR; };
		E5B59E71A1A7CB08F3FA1627 /* Pods-MonitorGastos.debug.xcconfig */ = {isa = PBXFileReference; includeInIndex = 1; lastKnownFileType = text.xcconfig; name = "Pods-MonitorGastos.debug.xcconfig"; path = "Pods/Target Support Files/Pods-MonitorGastos/Pods-MonitorGastos.debug.xcconfig"; sourceTree = "<group>"; };
		EA3794AE5425280285711108 /* Pods-MonitorGastosUITests.release.xcconfig */ = {isa = PBXFileReference; includeInIndex = 1; lastKnownFileType = text.xcconfig; name = "Pods-MonitorGastosUITests.release.xcconfig"; path = "Pods/Target Support Files/Pods-MonitorGastosUITests/Pods-MonitorGastosUITests.release.xcconfig"; sourceTree = "<group>"; };
		F4E0B455622E7A1AB6900F49 /* Pods_MonitorGastosTests.framework */ = {isa = PBXFileReference; explicitFileType = wrapper.framework; includeInIndex = 0; path = Pods_MonitorGastosTests.framework; sourceTree = BUILT_PRODUCTS_DIR; };
/* End PBXFileReference section */

/* Begin PBXFrameworksBuildPhase section */
		9E4BC43F20C2802200CF8AE0 /* Frameworks */ = {
			isa = PBXFrameworksBuildPhase;
			buildActionMask = 2147483647;
			files = (
				6BFDDBCC535860AC9500CF9D /* Pods_MonitorGastos.framework in Frameworks */,
			);
			runOnlyForDeploymentPostprocessing = 0;
		};
		9E4BC45320C2802400CF8AE0 /* Frameworks */ = {
			isa = PBXFrameworksBuildPhase;
			buildActionMask = 2147483647;
			files = (
				1B5A11CE933F7861BA7F8580 /* Pods_MonitorGastosTests.framework in Frameworks */,
			);
			runOnlyForDeploymentPostprocessing = 0;
		};
		9E4BC45E20C2802400CF8AE0 /* Frameworks */ = {
			isa = PBXFrameworksBuildPhase;
			buildActionMask = 2147483647;
			files = (
				52BDE60C40B3EEC55B846A15 /* Pods_MonitorGastosUITests.framework in Frameworks */,
			);
			runOnlyForDeploymentPostprocessing = 0;
		};
/* End PBXFrameworksBuildPhase section */

/* Begin PBXGroup section */
		9E4BC43920C2802200CF8AE0 = {
			isa = PBXGroup;
			children = (
				9E4BC44420C2802200CF8AE0 /* MonitorGastos */,
				9E4BC45920C2802400CF8AE0 /* MonitorGastosTests */,
				9E4BC46420C2802400CF8AE0 /* MonitorGastosUITests */,
				9E4BC44320C2802200CF8AE0 /* Products */,
				B410B17B7AC06190D75AF808 /* Pods */,
				B266A4FA2A69C1CFA8F167DF /* Frameworks */,
			);
			sourceTree = "<group>";
		};
		9E4BC44320C2802200CF8AE0 /* Products */ = {
			isa = PBXGroup;
			children = (
				9E4BC44220C2802200CF8AE0 /* MonitorGastos.app */,
				9E4BC45620C2802400CF8AE0 /* MonitorGastosTests.xctest */,
				9E4BC46120C2802400CF8AE0 /* MonitorGastosUITests.xctest */,
			);
			name = Products;
			sourceTree = "<group>";
		};
		9E4BC44420C2802200CF8AE0 /* MonitorGastos */ = {
			isa = PBXGroup;
			children = (
				9E4BC47720C5AA2500CF8AE0 /* Controller */,
				9E4BC47620C5AA1F00CF8AE0 /* View */,
				9E4BC44520C2802200CF8AE0 /* AppDelegate.swift */,
				9E4BC44720C2802200CF8AE0 /* ViewController.swift */,
				9E4BC44C20C2802400CF8AE0 /* Assets.xcassets */,
				9E4BC44E20C2802400CF8AE0 /* LaunchScreen.storyboard */,
				9E4BC48520C5AD9900CF8AE0 /* GoogleService-Info.plist */,
				9E4BC45120C2802400CF8AE0 /* Info.plist */,
			);
			path = MonitorGastos;
			sourceTree = "<group>";
		};
		9E4BC45920C2802400CF8AE0 /* MonitorGastosTests */ = {
			isa = PBXGroup;
			children = (
				9E4BC45A20C2802400CF8AE0 /* MonitorGastosTests.swift */,
				9E4BC45C20C2802400CF8AE0 /* Info.plist */,
			);
			path = MonitorGastosTests;
			sourceTree = "<group>";
		};
		9E4BC46420C2802400CF8AE0 /* MonitorGastosUITests */ = {
			isa = PBXGroup;
			children = (
				9E4BC46520C2802400CF8AE0 /* MonitorGastosUITests.swift */,
				9E4BC46720C2802400CF8AE0 /* Info.plist */,
			);
			path = MonitorGastosUITests;
			sourceTree = "<group>";
		};
		9E4BC47620C5AA1F00CF8AE0 /* View */ = {
			isa = PBXGroup;
			children = (
				9E4BC44920C2802200CF8AE0 /* Main.storyboard */,
			);
			path = View;
			sourceTree = "<group>";
		};
		9E4BC47720C5AA2500CF8AE0 /* Controller */ = {
			isa = PBXGroup;
			children = (
				9E4BC47920C5AA3C00CF8AE0 /* energia */,
				9E4BC47820C5AA3400CF8AE0 /* agua */,
			);
			path = Controller;
			sourceTree = "<group>";
		};
		9E4BC47820C5AA3400CF8AE0 /* agua */ = {
			isa = PBXGroup;
			children = (
				9E4BC48120C5AAC500CF8AE0 /* MainClassWater.swift */,
				9E4BC48320C5AAD700CF8AE0 /* SettingsWater.swift */,
			);
			path = agua;
			sourceTree = "<group>";
		};
		9E4BC47920C5AA3C00CF8AE0 /* energia */ = {
			isa = PBXGroup;
			children = (
				9E4BC47D20C5AA9A00CF8AE0 /* MainClassEnergy.swift */,
				9E4BC47F20C5AAAB00CF8AE0 /* SettingsEnergy.swift */,
			);
			path = energia;
			sourceTree = "<group>";
		};
		B266A4FA2A69C1CFA8F167DF /* Frameworks */ = {
			isa = PBXGroup;
			children = (
				DD95FCE2404B95E1E6D1B2D9 /* Pods_MonitorGastos.framework */,
				F4E0B455622E7A1AB6900F49 /* Pods_MonitorGastosTests.framework */,
				B19877DA75714296537687DC /* Pods_MonitorGastosUITests.framework */,
			);
			name = Frameworks;
			sourceTree = "<group>";
		};
		B410B17B7AC06190D75AF808 /* Pods */ = {
			isa = PBXGroup;
			children = (
				E5B59E71A1A7CB08F3FA1627 /* Pods-MonitorGastos.debug.xcconfig */,
				B7604D5A761D9E554D756DC8 /* Pods-MonitorGastos.release.xcconfig */,
				54F351309431103326E3D8A7 /* Pods-MonitorGastosTests.debug.xcconfig */,
				BB0B0190AFB5905326A3567F /* Pods-MonitorGastosTests.release.xcconfig */,
				0C842B4257D4B3DE7129D35E /* Pods-MonitorGastosUITests.debug.xcconfig */,
				EA3794AE5425280285711108 /* Pods-MonitorGastosUITests.release.xcconfig */,
			);
			name = Pods;
			sourceTree = "<group>";
		};
/* End PBXGroup section */

/* Begin PBXNativeTarget section */
		9E4BC44120C2802200CF8AE0 /* MonitorGastos */ = {
			isa = PBXNativeTarget;
			buildConfigurationList = 9E4BC46A20C2802400CF8AE0 /* Build configuration list for PBXNativeTarget "MonitorGastos" */;
			buildPhases = (
				0EE21BD15D452C5621CE8F69 /* [CP] Check Pods Manifest.lock */,
				9E4BC43E20C2802200CF8AE0 /* Sources */,
				9E4BC43F20C2802200CF8AE0 /* Frameworks */,
				9E4BC44020C2802200CF8AE0 /* Resources */,
				1B8656180EB0D232471FFA11 /* [CP] Embed Pods Frameworks */,
			);
			buildRules = (
			);
			dependencies = (
			);
			name = MonitorGastos;
			productName = MonitorGastos;
			productReference = 9E4BC44220C2802200CF8AE0 /* MonitorGastos.app */;
			productType = "com.apple.product-type.application";
		};
		9E4BC45520C2802400CF8AE0 /* MonitorGastosTests */ = {
			isa = PBXNativeTarget;
			buildConfigurationList = 9E4BC46D20C2802400CF8AE0 /* Build configuration list for PBXNativeTarget "MonitorGastosTests" */;
			buildPhases = (
				4C33A730F2E3F9FD361BAAA8 /* [CP] Check Pods Manifest.lock */,
				9E4BC45220C2802400CF8AE0 /* Sources */,
				9E4BC45320C2802400CF8AE0 /* Frameworks */,
				9E4BC45420C2802400CF8AE0 /* Resources */,
			);
			buildRules = (
			);
			dependencies = (
				9E4BC45820C2802400CF8AE0 /* PBXTargetDependency */,
			);
			name = MonitorGastosTests;
			productName = MonitorGastosTests;
			productReference = 9E4BC45620C2802400CF8AE0 /* MonitorGastosTests.xctest */;
			productType = "com.apple.product-type.bundle.unit-test";
		};
		9E4BC46020C2802400CF8AE0 /* MonitorGastosUITests */ = {
			isa = PBXNativeTarget;
			buildConfigurationList = 9E4BC47020C2802400CF8AE0 /* Build configuration list for PBXNativeTarget "MonitorGastosUITests" */;
			buildPhases = (
				2040E642AFD72B56425C29AB /* [CP] Check Pods Manifest.lock */,
				9E4BC45D20C2802400CF8AE0 /* Sources */,
				9E4BC45E20C2802400CF8AE0 /* Frameworks */,
				9E4BC45F20C2802400CF8AE0 /* Resources */,
			);
			buildRules = (
			);
			dependencies = (
				9E4BC46320C2802400CF8AE0 /* PBXTargetDependency */,
			);
			name = MonitorGastosUITests;
			productName = MonitorGastosUITests;
			productReference = 9E4BC46120C2802400CF8AE0 /* MonitorGastosUITests.xctest */;
			productType = "com.apple.product-type.bundle.ui-testing";
		};
/* End PBXNativeTarget section */

/* Begin PBXProject section */
		9E4BC43A20C2802200CF8AE0 /* Project object */ = {
			isa = PBXProject;
			attributes = {
				LastSwiftUpdateCheck = 0930;
				LastUpgradeCheck = 0930;
				ORGANIZATIONNAME = "Pedro Clericuzi";
				TargetAttributes = {
					9E4BC44120C2802200CF8AE0 = {
						CreatedOnToolsVersion = 9.3.1;
					};
					9E4BC45520C2802400CF8AE0 = {
						CreatedOnToolsVersion = 9.3.1;
						TestTargetID = 9E4BC44120C2802200CF8AE0;
					};
					9E4BC46020C2802400CF8AE0 = {
						CreatedOnToolsVersion = 9.3.1;
						TestTargetID = 9E4BC44120C2802200CF8AE0;
					};
				};
			};
			buildConfigurationList = 9E4BC43D20C2802200CF8AE0 /* Build configuration list for PBXProject "MonitorGastos" */;
			compatibilityVersion = "Xcode 9.3";
			developmentRegion = en;
			hasScannedForEncodings = 0;
			knownRegions = (
				en,
				Base,
			);
			mainGroup = 9E4BC43920C2802200CF8AE0;
			productRefGroup = 9E4BC44320C2802200CF8AE0 /* Products */;
			projectDirPath = "";
			projectRoot = "";
			targets = (
				9E4BC44120C2802200CF8AE0 /* MonitorGastos */,
				9E4BC45520C2802400CF8AE0 /* MonitorGastosTests */,
				9E4BC46020C2802400CF8AE0 /* MonitorGastosUITests */,
			);
		};
/* End PBXProject section */

/* Begin PBXResourcesBuildPhase section */
		9E4BC44020C2802200CF8AE0 /* Resources */ = {
			isa = PBXResourcesBuildPhase;
			buildActionMask = 2147483647;
			files = (
				9E4BC45020C2802400CF8AE0 /* LaunchScreen.storyboard in Resources */,
				9E4BC48620C5AD9A00CF8AE0 /* GoogleService-Info.plist in Resources */,
				9E4BC44D20C2802400CF8AE0 /* Assets.xcassets in Resources */,
				9E4BC44B20C2802200CF8AE0 /* Main.storyboard in Resources */,
			);
			runOnlyForDeploymentPostprocessing = 0;
		};
		9E4BC45420C2802400CF8AE0 /* Resources */ = {
			isa = PBXResourcesBuildPhase;
			buildActionMask = 2147483647;
			files = (
			);
			runOnlyForDeploymentPostprocessing = 0;
		};
		9E4BC45F20C2802400CF8AE0 /* Resources */ = {
			isa = PBXResourcesBuildPhase;
			buildActionMask = 2147483647;
			files = (
			);
			runOnlyForDeploymentPostprocessing = 0;
		};
/* End PBXResourcesBuildPhase section */

/* Begin PBXShellScriptBuildPhase section */
		0EE21BD15D452C5621CE8F69 /* [CP] Check Pods Manifest.lock */ = {
			isa = PBXShellScriptBuildPhase;
			buildActionMask = 2147483647;
			files = (
			);
			inputPaths = (
				"${PODS_PODFILE_DIR_PATH}/Podfile.lock",
				"${PODS_ROOT}/Manifest.lock",
			);
			name = "[CP] Check Pods Manifest.lock";
			outputPaths = (
				"$(DERIVED_FILE_DIR)/Pods-MonitorGastos-checkManifestLockResult.txt",
			);
			runOnlyForDeploymentPostprocessing = 0;
			shellPath = /bin/sh;
			shellScript = "diff \"${PODS_PODFILE_DIR_PATH}/Podfile.lock\" \"${PODS_ROOT}/Manifest.lock\" > /dev/null\nif [ $? != 0 ] ; then\n    # print error to STDERR\n    echo \"error: The sandbox is not in sync with the Podfile.lock. Run 'pod install' or update your CocoaPods installation.\" >&2\n    exit 1\nfi\n# This output is used by Xcode 'outputs' to avoid re-running this script phase.\necho \"SUCCESS\" > \"${SCRIPT_OUTPUT_FILE_0}\"\n";
			showEnvVarsInLog = 0;
		};
		1B8656180EB0D232471FFA11 /* [CP] Embed Pods Frameworks */ = {
			isa = PBXShellScriptBuildPhase;
			buildActionMask = 2147483647;
			files = (
			);
			inputPaths = (
				"${SRCROOT}/Pods/Target Support Files/Pods-MonitorGastos/Pods-MonitorGastos-frameworks.sh",
				"${BUILT_PRODUCTS_DIR}/GoogleToolboxForMac/GoogleToolboxForMac.framework",
				"${BUILT_PRODUCTS_DIR}/leveldb-library/leveldb.framework",
				"${BUILT_PRODUCTS_DIR}/nanopb/nanopb.framework",
			);
			name = "[CP] Embed Pods Frameworks";
			outputPaths = (
				"${TARGET_BUILD_DIR}/${FRAMEWORKS_FOLDER_PATH}/GoogleToolboxForMac.framework",
				"${TARGET_BUILD_DIR}/${FRAMEWORKS_FOLDER_PATH}/leveldb.framework",
				"${TARGET_BUILD_DIR}/${FRAMEWORKS_FOLDER_PATH}/nanopb.framework",
			);
			runOnlyForDeploymentPostprocessing = 0;
			shellPath = /bin/sh;
			shellScript = "\"${SRCROOT}/Pods/Target Support Files/Pods-MonitorGastos/Pods-MonitorGastos-frameworks.sh\"\n";
			showEnvVarsInLog = 0;
		};
		2040E642AFD72B56425C29AB /* [CP] Check Pods Manifest.lock */ = {
			isa = PBXShellScriptBuildPhase;
			buildActionMask = 2147483647;
			files = (
			);
			inputPaths = (
				"${PODS_PODFILE_DIR_PATH}/Podfile.lock",
				"${PODS_ROOT}/Manifest.lock",
			);
			name = "[CP] Check Pods Manifest.lock";
			outputPaths = (
				"$(DERIVED_FILE_DIR)/Pods-MonitorGastosUITests-checkManifestLockResult.txt",
			);
			runOnlyForDeploymentPostprocessing = 0;
			shellPath = /bin/sh;
			shellScript = "diff \"${PODS_PODFILE_DIR_PATH}/Podfile.lock\" \"${PODS_ROOT}/Manifest.lock\" > /dev/null\nif [ $? != 0 ] ; then\n    # print error to STDERR\n    echo \"error: The sandbox is not in sync with the Podfile.lock. Run 'pod install' or update your CocoaPods installation.\" >&2\n    exit 1\nfi\n# This output is used by Xcode 'outputs' to avoid re-running this script phase.\necho \"SUCCESS\" > \"${SCRIPT_OUTPUT_FILE_0}\"\n";
			showEnvVarsInLog = 0;
		};
		4C33A730F2E3F9FD361BAAA8 /* [CP] Check Pods Manifest.lock */ = {
			isa = PBXShellScriptBuildPhase;
			buildActionMask = 2147483647;
			files = (
			);
			inputPaths = (
				"${PODS_PODFILE_DIR_PATH}/Podfile.lock",
				"${PODS_ROOT}/Manifest.lock",
			);
			name = "[CP] Check Pods Manifest.lock";
			outputPaths = (
				"$(DERIVED_FILE_DIR)/Pods-MonitorGastosTests-checkManifestLockResult.txt",
			);
			runOnlyForDeploymentPostprocessing = 0;
			shellPath = /bin/sh;
			shellScript = "diff \"${PODS_PODFILE_DIR_PATH}/Podfile.lock\" \"${PODS_ROOT}/Manifest.lock\" > /dev/null\nif [ $? != 0 ] ; then\n    # print error to STDERR\n    echo \"error: The sandbox is not in sync with the Podfile.lock. Run 'pod install' or update your CocoaPods installation.\" >&2\n    exit 1\nfi\n# This output is used by Xcode 'outputs' to avoid re-running this script phase.\necho \"SUCCESS\" > \"${SCRIPT_OUTPUT_FILE_0}\"\n";
			showEnvVarsInLog = 0;
		};
/* End PBXShellScriptBuildPhase section */

/* Begin PBXSourcesBuildPhase section */
		9E4BC43E20C2802200CF8AE0 /* Sources */ = {
			isa = PBXSourcesBuildPhase;
			buildActionMask = 2147483647;
			files = (
				9E4BC48020C5AAAB00CF8AE0 /* SettingsEnergy.swift in Sources */,
				9E4BC48420C5AAD700CF8AE0 /* SettingsWater.swift in Sources */,
				9E4BC47E20C5AA9A00CF8AE0 /* MainClassEnergy.swift in Sources */,
				9E4BC48220C5AAC500CF8AE0 /* MainClassWater.swift in Sources */,
				9E4BC44820C2802200CF8AE0 /* ViewController.swift in Sources */,
				9E4BC44620C2802200CF8AE0 /* AppDelegate.swift in Sources */,
			);
			runOnlyForDeploymentPostprocessing = 0;
		};
		9E4BC45220C2802400CF8AE0 /* Sources */ = {
			isa = PBXSourcesBuildPhase;
			buildActionMask = 2147483647;
			files = (
				9E4BC45B20C2802400CF8AE0 /* MonitorGastosTests.swift in Sources */,
			);
			runOnlyForDeploymentPostprocessing = 0;
		};
		9E4BC45D20C2802400CF8AE0 /* Sources */ = {
			isa = PBXSourcesBuildPhase;
			buildActionMask = 2147483647;
			files = (
				9E4BC46620C2802400CF8AE0 /* MonitorGastosUITests.swift in Sources */,
			);
			runOnlyForDeploymentPostprocessing = 0;
		};
/* End PBXSourcesBuildPhase section */

/* Begin PBXTargetDependency section */
		9E4BC45820C2802400CF8AE0 /* PBXTargetDependency */ = {
			isa = PBXTargetDependency;
			target = 9E4BC44120C2802200CF8AE0 /* MonitorGastos */;
			targetProxy = 9E4BC45720C2802400CF8AE0 /* PBXContainerItemProxy */;
		};
		9E4BC46320C2802400CF8AE0 /* PBXTargetDependency */ = {
			isa = PBXTargetDependency;
			target = 9E4BC44120C2802200CF8AE0 /* MonitorGastos */;
			targetProxy = 9E4BC46220C2802400CF8AE0 /* PBXContainerItemProxy */;
		};
/* End PBXTargetDependency section */

/* Begin PBXVariantGroup section */
		9E4BC44920C2802200CF8AE0 /* Main.storyboard */ = {
			isa = PBXVariantGroup;
			children = (
				9E4BC44A20C2802200CF8AE0 /* Base */,
			);
			name = Main.storyboard;
			sourceTree = "<group>";
		};
		9E4BC44E20C2802400CF8AE0 /* LaunchScreen.storyboard */ = {
			isa = PBXVariantGroup;
			children = (
				9E4BC44F20C2802400CF8AE0 /* Base */,
			);
			name = LaunchScreen.storyboard;
			sourceTree = "<group>";
		};
/* End PBXVariantGroup section */

/* Begin XCBuildConfiguration section */
		9E4BC46820C2802400CF8AE0 /* Debug */ = {
			isa = XCBuildConfiguration;
			buildSettings = {
				ALWAYS_SEARCH_USER_PATHS = NO;
				CLANG_ANALYZER_NONNULL = YES;
				CLANG_ANALYZER_NUMBER_OBJECT_CONVERSION = YES_AGGRESSIVE;
				CLANG_CXX_LANGUAGE_STANDARD = "gnu++14";
				CLANG_CXX_LIBRARY = "libc++";
				CLANG_ENABLE_MODULES = YES;
				CLANG_ENABLE_OBJC_ARC = YES;
				CLANG_ENABLE_OBJC_WEAK = YES;
				CLANG_WARN_BLOCK_CAPTURE_AUTORELEASING = YES;
				CLANG_WARN_BOOL_CONVERSION = YES;
				CLANG_WARN_COMMA = YES;
				CLANG_WARN_CONSTANT_CONVERSION = YES;
				CLANG_WARN_DEPRECATED_OBJC_IMPLEMENTATIONS = YES;
				CLANG_WARN_DIRECT_OBJC_ISA_USAGE = YES_ERROR;
				CLANG_WARN_DOCUMENTATION_COMMENTS = YES;
				CLANG_WARN_EMPTY_BODY = YES;
				CLANG_WARN_ENUM_CONVERSION = YES;
				CLANG_WARN_INFINITE_RECURSION = YES;
				CLANG_WARN_INT_CONVERSION = YES;
				CLANG_WARN_NON_LITERAL_NULL_CONVERSION = YES;
				CLANG_WARN_OBJC_IMPLICIT_RETAIN_SELF = YES;
				CLANG_WARN_OBJC_LITERAL_CONVERSION = YES;
				CLANG_WARN_OBJC_ROOT_CLASS = YES_ERROR;
				CLANG_WARN_RANGE_LOOP_ANALYSIS = YES;
				CLANG_WARN_STRICT_PROTOTYPES = YES;
				CLANG_WARN_SUSPICIOUS_MOVE = YES;
				CLANG_WARN_UNGUARDED_AVAILABILITY = YES_AGGRESSIVE;
				CLANG_WARN_UNREACHABLE_CODE = YES;
				CLANG_WARN__DUPLICATE_METHOD_MATCH = YES;
				CODE_SIGN_IDENTITY = "iPhone Developer";
				COPY_PHASE_STRIP = NO;
				DEBUG_INFORMATION_FORMAT = dwarf;
				ENABLE_STRICT_OBJC_MSGSEND = YES;
				ENABLE_TESTABILITY = YES;
				GCC_C_LANGUAGE_STANDARD = gnu11;
				GCC_DYNAMIC_NO_PIC = NO;
				GCC_NO_COMMON_BLOCKS = YES;
				GCC_OPTIMIZATION_LEVEL = 0;
				GCC_PREPROCESSOR_DEFINITIONS = (
					"DEBUG=1",
					"$(inherited)",
				);
				GCC_WARN_64_TO_32_BIT_CONVERSION = YES;
				GCC_WARN_ABOUT_RETURN_TYPE = YES_ERROR;
				GCC_WARN_UNDECLARED_SELECTOR = YES;
				GCC_WARN_UNINITIALIZED_AUTOS = YES_AGGRESSIVE;
				GCC_WARN_UNUSED_FUNCTION = YES;
				GCC_WARN_UNUSED_VARIABLE = YES;
				IPHONEOS_DEPLOYMENT_TARGET = 11.3;
				MTL_ENABLE_DEBUG_INFO = YES;
				ONLY_ACTIVE_ARCH = YES;
				SDKROOT = iphoneos;
				SWIFT_ACTIVE_COMPILATION_CONDITIONS = DEBUG;
				SWIFT_OPTIMIZATION_LEVEL = "-Onone";
			};
			name = Debug;
		};
		9E4BC46920C2802400CF8AE0 /* Release */ = {
			isa = XCBuildConfiguration;
			buildSettings = {
				ALWAYS_SEARCH_USER_PATHS = NO;
				CLANG_ANALYZER_NONNULL = YES;
				CLANG_ANALYZER_NUMBER_OBJECT_CONVERSION = YES_AGGRESSIVE;
				CLANG_CXX_LANGUAGE_STANDARD = "gnu++14";
				CLANG_CXX_LIBRARY = "libc++";
				CLANG_ENABLE_MODULES = YES;
				CLANG_ENABLE_OBJC_ARC = YES;
				CLANG_ENABLE_OBJC_WEAK = YES;
				CLANG_WARN_BLOCK_CAPTURE_AUTORELEASING = YES;
				CLANG_WARN_BOOL_CONVERSION = YES;
				CLANG_WARN_COMMA = YES;
				CLANG_WARN_CONSTANT_CONVERSION = YES;
				CLANG_WARN_DEPRECATED_OBJC_IMPLEMENTATIONS = YES;
				CLANG_WARN_DIRECT_OBJC_ISA_USAGE = YES_ERROR;
				CLANG_WARN_DOCUMENTATION_COMMENTS = YES;
				CLANG_WARN_EMPTY_BODY = YES;
				CLANG_WARN_ENUM_CONVERSION = YES;
				CLANG_WARN_INFINITE_RECURSION = YES;
				CLANG_WARN_INT_CONVERSION = YES;
				CLANG_WARN_NON_LITERAL_NULL_CONVERSION = YES;
				CLANG_WARN_OBJC_IMPLICIT_RETAIN_SELF = YES;
				CLANG_WARN_OBJC_LITERAL_CONVERSION = YES;
				CLANG_WARN_OBJC_ROOT_CLASS = YES_ERROR;
				CLANG_WARN_RANGE_LOOP_ANALYSIS = YES;
				CLANG_WARN_STRICT_PROTOTYPES = YES;
				CLANG_WARN_SUSPICIOUS_MOVE = YES;
				CLANG_WARN_UNGUARDED_AVAILABILITY = YES_AGGRESSIVE;
				CLANG_WARN_UNREACHABLE_CODE = YES;
				CLANG_WARN__DUPLICATE_METHOD_MATCH = YES;
				CODE_SIGN_IDENTITY = "iPhone Developer";
				COPY_PHASE_STRIP = NO;
				DEBUG_INFORMATION_FORMAT = "dwarf-with-dsym";
				ENABLE_NS_ASSERTIONS = NO;
				ENABLE_STRICT_OBJC_MSGSEND = YES;
				GCC_C_LANGUAGE_STANDARD = gnu11;
				GCC_NO_COMMON_BLOCKS = YES;
				GCC_WARN_64_TO_32_BIT_CONVERSION = YES;
				GCC_WARN_ABOUT_RETURN_TYPE = YES_ERROR;
				GCC_WARN_UNDECLARED_SELECTOR = YES;
				GCC_WARN_UNINITIALIZED_AUTOS = YES_AGGRESSIVE;
				GCC_WARN_UNUSED_FUNCTION = YES;
				GCC_WARN_UNUSED_VARIABLE = YES;
				IPHONEOS_DEPLOYMENT_TARGET = 11.3;
				MTL_ENABLE_DEBUG_INFO = NO;
				SDKROOT = iphoneos;
				SWIFT_COMPILATION_MODE = wholemodule;
				SWIFT_OPTIMIZATION_LEVEL = "-O";
				VALIDATE_PRODUCT = YES;
			};
			name = Release;
		};
		9E4BC46B20C2802400CF8AE0 /* Debug */ = {
			isa = XCBuildConfiguration;
			baseConfigurationReference = E5B59E71A1A7CB08F3FA1627 /* Pods-MonitorGastos.debug.xcconfig */;
			buildSettings = {
				ASSETCATALOG_COMPILER_APPICON_NAME = AppIcon;
				CODE_SIGN_STYLE = Automatic;
				DEVELOPMENT_TEAM = EN2NCDPUFG;
				INFOPLIST_FILE = MonitorGastos/Info.plist;
				LD_RUNPATH_SEARCH_PATHS = (
					"$(inherited)",
					"@executable_path/Frameworks",
				);
				PRODUCT_BUNDLE_IDENTIFIER = c.n.c.MonitorGastos;
				PRODUCT_NAME = "$(TARGET_NAME)";
				SWIFT_VERSION = 4.0;
				TARGETED_DEVICE_FAMILY = "1,2";
			};
			name = Debug;
		};
		9E4BC46C20C2802400CF8AE0 /* Release */ = {
			isa = XCBuildConfiguration;
			baseConfigurationReference = B7604D5A761D9E554D756DC8 /* Pods-MonitorGastos.release.xcconfig */;
			buildSettings = {
				ASSETCATALOG_COMPILER_APPICON_NAME = AppIcon;
				CODE_SIGN_STYLE = Automatic;
				DEVELOPMENT_TEAM = EN2NCDPUFG;
				INFOPLIST_FILE = MonitorGastos/Info.plist;
				LD_RUNPATH_SEARCH_PATHS = (
					"$(inherited)",
					"@executable_path/Frameworks",
				);
				PRODUCT_BUNDLE_IDENTIFIER = c.n.c.MonitorGastos;
				PRODUCT_NAME = "$(TARGET_NAME)";
				SWIFT_VERSION = 4.0;
				TARGETED_DEVICE_FAMILY = "1,2";
			};
			name = Release;
		};
		9E4BC46E20C2802400CF8AE0 /* Debug */ = {
			isa = XCBuildConfiguration;
			baseConfigurationReference = 54F351309431103326E3D8A7 /* Pods-MonitorGastosTests.debug.xcconfig */;
			buildSettings = {
				ALWAYS_EMBED_SWIFT_STANDARD_LIBRARIES = YES;
				BUNDLE_LOADER = "$(TEST_HOST)";
				CODE_SIGN_STYLE = Automatic;
				INFOPLIST_FILE = MonitorGastosTests/Info.plist;
				LD_RUNPATH_SEARCH_PATHS = (
					"$(inherited)",
					"@executable_path/Frameworks",
					"@loader_path/Frameworks",
				);
				PRODUCT_BUNDLE_IDENTIFIER = c.n.c.MonitorGastosTests;
				PRODUCT_NAME = "$(TARGET_NAME)";
				SWIFT_VERSION = 4.0;
				TARGETED_DEVICE_FAMILY = "1,2";
				TEST_HOST = "$(BUILT_PRODUCTS_DIR)/MonitorGastos.app/MonitorGastos";
			};
			name = Debug;
		};
		9E4BC46F20C2802400CF8AE0 /* Release */ = {
			isa = XCBuildConfiguration;
			baseConfigurationReference = BB0B0190AFB5905326A3567F /* Pods-MonitorGastosTests.release.xcconfig */;
			buildSettings = {
				ALWAYS_EMBED_SWIFT_STANDARD_LIBRARIES = YES;
				BUNDLE_LOADER = "$(TEST_HOST)";
				CODE_SIGN_STYLE = Automatic;
				INFOPLIST_FILE = MonitorGastosTests/Info.plist;
				LD_RUNPATH_SEARCH_PATHS = (
					"$(inherited)",
					"@executable_path/Frameworks",
					"@loader_path/Frameworks",
				);
				PRODUCT_BUNDLE_IDENTIFIER = c.n.c.MonitorGastosTests;
				PRODUCT_NAME = "$(TARGET_NAME)";
				SWIFT_VERSION = 4.0;
				TARGETED_DEVICE_FAMILY = "1,2";
				TEST_HOST = "$(BUILT_PRODUCTS_DIR)/MonitorGastos.app/MonitorGastos";
			};
			name = Release;
		};
		9E4BC47120C2802400CF8AE0 /* Debug */ = {
			isa = XCBuildConfiguration;
			baseConfigurationReference = 0C842B4257D4B3DE7129D35E /* Pods-MonitorGastosUITests.debug.xcconfig */;
			buildSettings = {
				ALWAYS_EMBED_SWIFT_STANDARD_LIBRARIES = YES;
				CODE_SIGN_STYLE = Automatic;
				INFOPLIST_FILE = MonitorGastosUITests/Info.plist;
				LD_RUNPATH_SEARCH_PATHS = (
					"$(inherited)",
					"@executable_path/Frameworks",
					"@loader_path/Frameworks",
				);
				PRODUCT_BUNDLE_IDENTIFIER = c.n.c.MonitorGastosUITests;
				PRODUCT_NAME = "$(TARGET_NAME)";
				SWIFT_VERSION = 4.0;
				TARGETED_DEVICE_FAMILY = "1,2";
				TEST_TARGET_NAME = MonitorGastos;
			};
			name = Debug;
		};
		9E4BC47220C2802400CF8AE0 /* Release */ = {
			isa = XCBuildConfiguration;
			baseConfigurationReference = EA3794AE5425280285711108 /* Pods-MonitorGastosUITests.release.xcconfig */;
			buildSettings = {
				ALWAYS_EMBED_SWIFT_STANDARD_LIBRARIES = YES;
				CODE_SIGN_STYLE = Automatic;
				INFOPLIST_FILE = MonitorGastosUITests/Info.plist;
				LD_RUNPATH_SEARCH_PATHS = (
					"$(inherited)",
					"@executable_path/Frameworks",
					"@loader_path/Frameworks",
				);
				PRODUCT_BUNDLE_IDENTIFIER = c.n.c.MonitorGastosUITests;
				PRODUCT_NAME = "$(TARGET_NAME)";
				SWIFT_VERSION = 4.0;
				TARGETED_DEVICE_FAMILY = "1,2";
				TEST_TARGET_NAME = MonitorGastos;
			};
			name = Release;
		};
/* End XCBuildConfiguration section */

/* Begin XCConfigurationList section */
		9E4BC43D20C2802200CF8AE0 /* Build configuration list for PBXProject "MonitorGastos" */ = {
			isa = XCConfigurationList;
			buildConfigurations = (
				9E4BC46820C2802400CF8AE0 /* Debug */,
				9E4BC46920C2802400CF8AE0 /* Release */,
			);
			defaultConfigurationIsVisible = 0;
			defaultConfigurationName = Release;
		};
		9E4BC46A20C2802400CF8AE0 /* Build configuration list for PBXNativeTarget "MonitorGastos" */ = {
			isa = XCConfigurationList;
			buildConfigurations = (
				9E4BC46B20C2802400CF8AE0 /* Debug */,
				9E4BC46C20C2802400CF8AE0 /* Release */,
			);
			defaultConfigurationIsVisible = 0;
			defaultConfigurationName = Release;
		};
		9E4BC46D20C2802400CF8AE0 /* Build configuration list for PBXNativeTarget "MonitorGastosTests" */ = {
			isa = XCConfigurationList;
			buildConfigurations = (
				9E4BC46E20C2802400CF8AE0 /* Debug */,
				9E4BC46F20C2802400CF8AE0 /* Release */,
			);
			defaultConfigurationIsVisible = 0;
			defaultConfigurationName = Release;
		};
		9E4BC47020C2802400CF8AE0 /* Build configuration list for PBXNativeTarget "MonitorGastosUITests" */ = {
			isa = XCConfigurationList;
			buildConfigurations = (
				9E4BC47120C2802400CF8AE0 /* Debug */,
				9E4BC47220C2802400CF8AE0 /* Release */,
			);
			defaultConfigurationIsVisible = 0;
			defaultConfigurationName = Release;
		};
/* End XCConfigurationList section */
	};
	rootObject = 9E4BC43A20C2802200CF8AE0 /* Project object */;
}
